<?xml version="1.0" encoding="utf-8"?>
<Project ToolsVersion="4.0" xmlns="http://schemas.microsoft.com/developer/msbuild/2003">
  <ItemGroup>
    <Filter Include="Fichiers sources">
      <UniqueIdentifier>{4FC737F1-C7A5-4376-A066-2A32D752A2FF}</UniqueIdentifier>
      <Extensions>cpp;c;cc;cxx;def;odl;idl;hpj;bat;asm;asmx</Extensions>
    </Filter>
    <Filter Include="Fichiers d%27en-tête">
      <UniqueIdentifier>{93995380-89BD-4b04-88EB-625FBE52EBFB}</UniqueIdentifier>
      <Extensions>h;hpp;hxx;hm;inl;inc;xsd</Extensions>
    </Filter>
    <Filter Include="Fichiers de ressources">
      <UniqueIdentifier>{67DA6AB6-F800-4c08-8B7A-83BB121AAD01}</UniqueIdentifier>
      <Extensions>rc;ico;cur;bmp;dlg;rc2;rct;bin;rgs;gif;jpg;jpeg;jpe;resx;tiff;tif;png;wav;mfcribbon-ms</Extensions>
    </Filter>
    <Filter Include="Include">
      <UniqueIdentifier>{f801d464-e5ab-44a1-b12f-2e2642b1a4cf}</UniqueIdentifier>
    </Filter>
    <Filter Include="Lib">
      <UniqueIdentifier>{52b7d2fe-4745-41bf-9fc3-67933b2cf8d9}</UniqueIdentifier>
    </Filter>
    <Filter Include="Src">
      <UniqueIdentifier>{a7998fee-35e6-456d-9db6-77a710a7dcea}</UniqueIdentifier>
    </Filter>
  </ItemGroup>
  <ItemGroup>
    <ClInclude Include="Camera.h">
      <Filter>Fichiers d%27en-tête</Filter>
    </ClInclude>
    <ClInclude Include="Data.h">
      <Filter>Fichiers d%27en-tête</Filter>
    </ClInclude>
    <ClInclude Include="Keyboard.h">
      <Filter>Fichiers d%27en-tête</Filter>
    </ClInclude>
    <ClInclude Include="Load_Image.h">
      <Filter>Fichiers d%27en-tête</Filter>
    </ClInclude>
    <ClInclude Include="objloader.h">
      <Filter>Fichiers d%27en-tête</Filter>
    </ClInclude>
    <ClInclude Include="Shader_Compiler.h">
      <Filter>Fichiers d%27en-tête</Filter>
    </ClInclude>
    <ClInclude Include="Shader_Stream.h">
      <Filter>Fichiers d%27en-tête</Filter>
    </ClInclude>
    <ClInclude Include="vertex.h">
      <Filter>Fichiers d%27en-tête</Filter>
    </ClInclude>
    <ClInclude Include="vmath.h">
      <Filter>Fichiers d%27en-tête</Filter>
    </ClInclude>
    <ClInclude Include="..\Include\glew.h">
      <Filter>Include</Filter>
    </ClInclude>
    <ClInclude Include="..\Include\glut.h">
      <Filter>Include</Filter>
    </ClInclude>
    <ClInclude Include="..\Include\glxew.h">
      <Filter>Include</Filter>
    </ClInclude>
    <ClInclude Include="..\Include\image_DXT.h">
      <Filter>Include</Filter>
    </ClInclude>
    <ClInclude Include="..\Include\image_helper.h">
      <Filter>Include</Filter>
    </ClInclude>
    <ClInclude Include="..\Include\SOIL.h">
      <Filter>Include</Filter>
    </ClInclude>
    <ClInclude Include="..\Include\stb_image_aug.h">
      <Filter>Include</Filter>
    </ClInclude>
    <ClInclude Include="..\Include\stbi_DDS_aug.h">
      <Filter>Include</Filter>
    </ClInclude>
    <ClInclude Include="..\Include\stbi_DDS_aug_c.h">
      <Filter>Include</Filter>
    </ClInclude>
    <ClInclude Include="..\Include\wglew.h">
      <Filter>Include</Filter>
    </ClInclude>
    <ClInclude Include="Model_Factory.h">
      <Filter>Fichiers d%27en-tête</Filter>
    </ClInclude>
    <ClInclude Include="Player.h">
      <Filter>Fichiers d%27en-tête</Filter>
    </ClInclude>
    <ClInclude Include="Map_Creator.h">
      <Filter>Fichiers d%27en-tête</Filter>
    </ClInclude>
    <ClInclude Include="Drawing_Manager.h">
      <Filter>Fichiers d%27en-tête</Filter>
    </ClInclude>
    <ClInclude Include="Saw.h">
      <Filter>Fichiers d%27en-tête</Filter>
    </ClInclude>
    <ClInclude Include="StaticHandle.h">
      <Filter>Fichiers d%27en-tête</Filter>
    </ClInclude>
    <ClInclude Include="Collision_Helper.h">
      <Filter>Fichiers d%27en-tête</Filter>
    </ClInclude>
    <ClInclude Include="Light.h">
      <Filter>Fichiers d%27en-tête</Filter>
    </ClInclude>
    <ClInclude Include="Trampoline.h">
      <Filter>Fichiers d%27en-tête</Filter>
    </ClInclude>
  </ItemGroup>
  <ItemGroup>
    <None Include="Circuit.jpg">
      <Filter>Fichiers de ressources</Filter>
    </None>
    <None Include="Fragment_Shader.txt" />
    <None Include="Geometry_Shader.txt" />
    <None Include="Or.jpg">
      <Filter>Fichiers de ressources</Filter>
    </None>
    <None Include="TesselationControl_Shader.txt" />
    <None Include="TesselationEvaluation_Shader.txt" />
    <None Include="Vertex_Shader.txt" />
  </ItemGroup>
  <ItemGroup>
    <ClCompile Include="Data.cpp">
      <Filter>Fichiers sources</Filter>
    </ClCompile>
    <ClCompile Include="Keyboard.cpp">
      <Filter>Fichiers sources</Filter>
    </ClCompile>
    <ClCompile Include="Load_Image.cpp">
      <Filter>Fichiers sources</Filter>
    </ClCompile>
    <ClCompile Include="main.cpp">
      <Filter>Fichiers sources</Filter>
    </ClCompile>
    <ClCompile Include="objloader.cpp">
      <Filter>Fichiers sources</Filter>
    </ClCompile>
    <ClCompile Include="Shader_Compiler.cpp">
      <Filter>Fichiers sources</Filter>
    </ClCompile>
    <ClCompile Include="Shader_Stream.cpp">
      <Filter>Fichiers sources</Filter>
    </ClCompile>
    <ClCompile Include="Camera.cpp">
      <Filter>Fichiers sources</Filter>
    </ClCompile>
    <ClCompile Include="..\Src\stb_image_aug.c">
      <Filter>Src</Filter>
    </ClCompile>
    <ClCompile Include="..\Src\SOIL.c">
      <Filter>Src</Filter>
    </ClCompile>
    <ClCompile Include="..\Src\image_helper.c">
      <Filter>Src</Filter>
    </ClCompile>
    <ClCompile Include="..\Src\image_DXT.c">
      <Filter>Src</Filter>
    </ClCompile>
    <ClCompile Include="..\Src\glew.c">
      <Filter>Src</Filter>
    </ClCompile>
    <ClCompile Include="Model_Factory.cpp">
      <Filter>Fichiers sources</Filter>
    </ClCompile>
    <ClCompile Include="Player.cpp">
      <Filter>Fichiers sources</Filter>
    </ClCompile>
    <ClCompile Include="Map_Creator.cpp">
      <Filter>Fichiers sources</Filter>
    </ClCompile>
    <ClCompile Include="Drawing_Manager.cpp">
      <Filter>Fichiers sources</Filter>
    </ClCompile>
    <ClCompile Include="Saw.cpp">
      <Filter>Fichiers sources</Filter>
    </ClCompile>
    <ClCompile Include="StaticHandle.cpp">
      <Filter>Fichiers sources</Filter>
    </ClCompile>
    <ClCompile Include="Collision_Helper.cpp">
      <Filter>Fichiers sources</Filter>
    </ClCompile>
    <ClCompile Include="Light.cpp">
      <Filter>Fichiers sources</Filter>
    </ClCompile>
    <ClCompile Include="Trampoline.cpp">
      <Filter>Fichiers sources</Filter>
    </ClCompile>
  </ItemGroup>
  <ItemGroup>
    <Library Include="..\Lib\glew32.lib">
      <Filter>Lib</Filter>
    </Library>
    <Library Include="..\Lib\glew32s.lib">
      <Filter>Lib</Filter>
    </Library>
    <Library Include="..\Lib\glut32.lib">
      <Filter>Lib</Filter>
    </Library>
    <Library Include="..\Lib\libSOIL.lib">
      <Filter>Lib</Filter>
    </Library>
  </ItemGroup>
</Project>