
Microsoft Visual Studio Solution File, Format Version 11.00
# Visual Studio 2010
Project("{8BC9CEB8-8B4A-11D0-8D11-00A0C91BC942}") = "GL_FactorGame", "GL_FactorGame\GL_FactorGame.vcxproj", "{54207FB3-C80E-4568-B5BB-B90FC8E91393}"
EndProject
Global
	GlobalSection(SolutionConfigurationPlatforms) = preSolution
		Debug|Win32 = Debug|Win32
		Release|Win32 = Release|Win32
	EndGlobalSection
	GlobalSection(ProjectConfigurationPlatforms) = postSolution
		{54207FB3-C80E-4568-B5BB-B90FC8E91393}.Debug|Win32.ActiveCfg = Debug|Win32
		{54207FB3-C80E-4568-B5BB-B90FC8E91393}.Debug|Win32.Build.0 = Debug|Win32
		{54207FB3-C80E-4568-B5BB-B90FC8E91393}.Release|Win32.ActiveCfg = Release|Win32
		{54207FB3-C80E-4568-B5BB-B90FC8E91393}.Release|Win32.Build.0 = Release|Win32
	EndGlobalSection
	GlobalSection(SolutionProperties) = preSolution
		HideSolutionNode = FALSE
	EndGlobalSection
EndGlobal
